{
  "name": "forge-app",
  "lockfileVersion": 3,
  "requires": true,
  "packages": {
    "": {
      "dependencies": {
        "@types/forge-viewer": "^7.69.7"
      }
    },
    "node_modules/@types/forge-viewer": {
      "version": "7.69.7",
      "resolved": "https://registry.npmjs.org/@types/forge-viewer/-/forge-viewer-7.69.7.tgz",
      "integrity": "sha512-dvtMPzcwzpR9S2SLulkKCWKoKG49cCX/5+uJ8R3LAZu/kcDLNDa9xYaC0EfW6aeDSv+yUMygplRhTmS1uxveGw=="
    }
  }
}
